schema: '2.0'
stages:
  prepare:
    cmd: python src/prepare.py
    deps:
    - path: src/prepare.py
      hash: md5
      md5: dc727275ba686777fd24671817954ef1
      size: 498
    outs:
    - path: data/raw
      hash: md5
      md5: 0fede71be669bbcb629283398f585a94.dir
      size: 30869903
      nfiles: 2
  preprocess:
    cmd: python src/preprocess.py
    deps:
    - path: data/raw
      hash: md5
      md5: 0fede71be669bbcb629283398f585a94.dir
      size: 30869903
      nfiles: 2
    - path: src/preprocess.py
      hash: md5
      md5: e06ecdf38f8e89f256387168556fc489
      size: 1352
    params:
      params.yaml:
        preprocess:
          val_size: 0.1
          seed: 42
    outs:
    - path: data/processed
      hash: md5
      md5: 3b734857f244a4fdc4e6b35cbaf0cfc9.dir
      size: 46922690
      nfiles: 3
  train:
    cmd: python src/train.py
    deps:
    - path: data/processed
      hash: md5
      md5: 3b734857f244a4fdc4e6b35cbaf0cfc9.dir
      size: 46922690
      nfiles: 3
    - path: src/train.py
      hash: md5
      md5: d7362a7b67636a1f2457d4fa93853f45
      size: 1402
    params:
      params.yaml:
        train:
          dense_units: 256
          dropout_rate: 0.2
          learning_rate: 0.001
          epochs: 15
          batch_size: 64
    outs:
    - path: models
      hash: md5
      md5: 8be0b0ebe435f890becdb41be7c44793.dir
      size: 2468139
      nfiles: 2
  evaluate:
    cmd: python src/evaluate.py
    deps:
    - path: data/processed/test.npz
      hash: md5
      md5: 15c82a0ecb26f482f62595d8a126edfb
      size: 6728633
    - path: models/model.h5
      hash: md5
      md5: b335442fa54b95b220c17d97e290b167
      size: 2466904
    - path: src/evaluate.py
      hash: md5
      md5: 293438f102db466bbdb8dc4135a156f4
      size: 1185
    outs:
    - path: metrics.json
      hash: md5
      md5: dd06e5292433dbae6297ab167d03a436
      size: 52
    - path: reports/confusion_matrix.png
      hash: md5
      md5: c2ca8b8ac61acfb51db6ee19e86e8e6d
      size: 65546
